
Microsoft Visual Studio Solution File, Format Version 12.00
# Visual Studio Version 17
VisualStudioVersion = 17.13.36105.23 d17.13
MinimumVisualStudioVersion = 10.0.40219.1
Project("{FAE04EC0-301F-11D3-BF4B-00C04F79EFBC}") = "SistemaGeracaoCobranca.ConsoleApp", "SistemaGeracaoCobranca.ConsoleApp\SistemaGeracaoCobranca.ConsoleApp.csproj", "{660DD83E-A565-4AC7-987D-6E6AC11845AF}"
EndProject
Project("{FAE04EC0-301F-11D3-BF4B-00C04F79EFBC}") = "SistemaGeracaoCobranca.Domain.Tests", "SistemaGeracaoCobranca.Domain.Tests\SistemaGeracaoCobranca.Domain.Tests.csproj", "{085F2496-1340-453D-9DE9-C1A9BA829E9D}"
EndProject
Global
	GlobalSection(SolutionConfigurationPlatforms) = preSolution
		Debug|Any CPU = Debug|Any CPU
		Release|Any CPU = Release|Any CPU
	EndGlobalSection
	GlobalSection(ProjectConfigurationPlatforms) = postSolution
		{660DD83E-A565-4AC7-987D-6E6AC11845AF}.Debug|Any CPU.ActiveCfg = Debug|Any CPU
		{660DD83E-A565-4AC7-987D-6E6AC11845AF}.Debug|Any CPU.Build.0 = Debug|Any CPU
		{660DD83E-A565-4AC7-987D-6E6AC11845AF}.Release|Any CPU.ActiveCfg = Release|Any CPU
		{660DD83E-A565-4AC7-987D-6E6AC11845AF}.Release|Any CPU.Build.0 = Release|Any CPU
		{085F2496-1340-453D-9DE9-C1A9BA829E9D}.Debug|Any CPU.ActiveCfg = Debug|Any CPU
		{085F2496-1340-453D-9DE9-C1A9BA829E9D}.Debug|Any CPU.Build.0 = Debug|Any CPU
		{085F2496-1340-453D-9DE9-C1A9BA829E9D}.Release|Any CPU.ActiveCfg = Release|Any CPU
		{085F2496-1340-453D-9DE9-C1A9BA829E9D}.Release|Any CPU.Build.0 = Release|Any CPU
	EndGlobalSection
	GlobalSection(SolutionProperties) = preSolution
		HideSolutionNode = FALSE
	EndGlobalSection
	GlobalSection(ExtensibilityGlobals) = postSolution
		SolutionGuid = {99C0C3AB-4885-4CA7-B314-A27C71D08A5B}
	EndGlobalSection
EndGlobal
